
Microsoft Visual Studio Solution File, Format Version 12.00
# Visual Studio Version 16
VisualStudioVersion = 16.0.31729.503
MinimumVisualStudioVersion = 10.0.40219.1
Project("{FAE04EC0-301F-11D3-BF4B-00C04F79EFBC}") = "KvizZnanja", "KvizZnanja\KvizZnanja.csproj", "{30C86FDC-C3AD-4B2E-820D-0FC7D88879BB}"
EndProject
Global
	GlobalSection(SolutionConfigurationPlatforms) = preSolution
		Debug|Any CPU = Debug|Any CPU
		Release|Any CPU = Release|Any CPU
	EndGlobalSection
	GlobalSection(ProjectConfigurationPlatforms) = postSolution
		{30C86FDC-C3AD-4B2E-820D-0FC7D88879BB}.Debug|Any CPU.ActiveCfg = Debug|Any CPU
		{30C86FDC-C3AD-4B2E-820D-0FC7D88879BB}.Debug|Any CPU.Build.0 = Debug|Any CPU
		{30C86FDC-C3AD-4B2E-820D-0FC7D88879BB}.Release|Any CPU.ActiveCfg = Release|Any CPU
		{30C86FDC-C3AD-4B2E-820D-0FC7D88879BB}.Release|Any CPU.Build.0 = Release|Any CPU
	EndGlobalSection
	GlobalSection(SolutionProperties) = preSolution
		HideSolutionNode = FALSE
	EndGlobalSection
	GlobalSection(ExtensibilityGlobals) = postSolution
		SolutionGuid = {B6ED057A-D01C-4AAB-BCF3-56D52DC2BE51}
	EndGlobalSection
EndGlobal
